
Microsoft Visual Studio Solution File, Format Version 12.00
# Visual Studio 15
VisualStudioVersion = 15.0.28307.1433
MinimumVisualStudioVersion = 10.0.40219.1
Project("{FAE04EC0-301F-11D3-BF4B-00C04F79EFBC}") = "main", "main\main.csproj", "{3A78CC46-A525-4C49-B388-21FE910036BE}"
EndProject
Global
	GlobalSection(SolutionConfigurationPlatforms) = preSolution
		Debug|Any CPU = Debug|Any CPU
		Release|Any CPU = Release|Any CPU
	EndGlobalSection
	GlobalSection(ProjectConfigurationPlatforms) = postSolution
		{3A78CC46-A525-4C49-B388-21FE910036BE}.Debug|Any CPU.ActiveCfg = Debug|Any CPU
		{3A78CC46-A525-4C49-B388-21FE910036BE}.Debug|Any CPU.Build.0 = Debug|Any CPU
		{3A78CC46-A525-4C49-B388-21FE910036BE}.Release|Any CPU.ActiveCfg = Release|Any CPU
		{3A78CC46-A525-4C49-B388-21FE910036BE}.Release|Any CPU.Build.0 = Release|Any CPU
	EndGlobalSection
	GlobalSection(SolutionProperties) = preSolution
		HideSolutionNode = FALSE
	EndGlobalSection
	GlobalSection(ExtensibilityGlobals) = postSolution
		SolutionGuid = {B9A12B62-5445-42BF-9B1F-F0D839AD2AAA}
	EndGlobalSection
EndGlobal
