{
  "name": "7-jsx",
  "version": "1.0.0",
  "lockfileVersion": 1,
  "requires": true,
  "dependencies": {
    "@types/prop-types": {
      "version": "15.7.11",
      "resolved": "https://registry.npmmirror.com/@types/prop-types/-/prop-types-15.7.11.tgz",
      "integrity": "sha512-ga8y9v9uyeiLdpKddhxYQkxNDrfvuPrlFb0N1qnZZByvcElJaXthF1UhvCh9TLWJBEHeNtdnbysW7Y6Uq8CVng=="
    },
    "@types/react": {
      "version": "18.2.55",
      "resolved": "https://registry.npmmirror.com/@types/react/-/react-18.2.55.tgz",
      "integrity": "sha512-Y2Tz5P4yz23brwm2d7jNon39qoAtMMmalOQv6+fEFt1mT+FcM3D841wDpoUvFXhaYenuROCy3FZYqdTjM7qVyA==",
      "requires": {
        "@types/prop-types": "*",
        "@types/scheduler": "*",
        "csstype": "^3.0.2"
      }
    },
    "@types/scheduler": {
      "version": "0.16.8",
      "resolved": "https://registry.npmmirror.com/@types/scheduler/-/scheduler-0.16.8.tgz",
      "integrity": "sha512-WZLiwShhwLRmeV6zH+GkbOFT6Z6VklCItrDioxUnv+u4Ll+8vKeFySoFyK/0ctcRpOmwAicELfmys1sDc/Rw+A=="
    },
    "amdefine": {
      "version": "1.0.1",
      "resolved": "https://registry.npmmirror.com/amdefine/-/amdefine-1.0.1.tgz",
      "integrity": "sha512-S2Hw0TtNkMJhIabBwIojKL9YHO5T0n5eNqWJ7Lrlel/zDbftQpxpapi8tZs3X1HWa+u+QeydGmzzNU0m09+Rcg=="
    },
    "csstype": {
      "version": "3.1.3",
      "resolved": "https://registry.npmmirror.com/csstype/-/csstype-3.1.3.tgz",
      "integrity": "sha512-M1uQkMl8rQK/szD0LNhtqxIPLpimGm8sOBwU7lLnCpSbTyY3yeU1Vc7l4KT5zT4s/yOxHH5O7tIuuLOCnLADRw=="
    },
    "escodegen": {
      "version": "0.0.28",
      "resolved": "https://registry.npmmirror.com/escodegen/-/escodegen-0.0.28.tgz",
      "integrity": "sha512-6ioQhg16lFs5c7XJlJFXIDxBjO4yRvXC9yK6dLNNGuhI3a/fJukHanPF6qtpjGDgAFzI8Wuq3PSIarWmaOq/5A==",
      "requires": {
        "esprima": "~1.0.2",
        "estraverse": "~1.3.0",
        "source-map": ">= 0.1.2"
      }
    },
    "escope": {
      "version": "1.0.3",
      "resolved": "https://registry.npmmirror.com/escope/-/escope-1.0.3.tgz",
      "integrity": "sha512-PgST3E92KAnuUX/4PXwpE9RI8jubyyTGIN73mfhl0XP4H+hiA7JqvhXNfffs+naSk41Eipq/klcmoGsCrjxPlQ==",
      "requires": {
        "estraverse": "^2.0.0"
      },
      "dependencies": {
        "estraverse": {
          "version": "2.0.0",
          "resolved": "https://registry.npmmirror.com/estraverse/-/estraverse-2.0.0.tgz",
          "integrity": "sha512-3liNs3aDBUmf9Hl3YRLqz7Zop0iiTxWaa/ayuxoVS441zjjTPowZJ/uH3y5yhPcXmrLj2rS6Pvu7tfOC7kT61A=="
        }
      }
    },
    "esmangle": {
      "version": "0.0.17",
      "resolved": "https://registry.npmmirror.com/esmangle/-/esmangle-0.0.17.tgz",
      "integrity": "sha512-P9riJQ3eRuPnxYGrwHDFHQUv/1U16S/za8rlLwN7Mq06PAAlNX4WMNszbyncLd+G4LVnowGxCTdWriGgf0OO0A==",
      "requires": {
        "escodegen": "~ 0.0.28",
        "escope": "~ 1.0.0",
        "esprima": "~ 1.0.2",
        "esshorten": "~ 0.0.2",
        "estraverse": "~ 1.3.2",
        "optimist": "*",
        "source-map": "~ 0.1.8"
      }
    },
    "esprima": {
      "version": "1.0.4",
      "resolved": "https://registry.npmmirror.com/esprima/-/esprima-1.0.4.tgz",
      "integrity": "sha512-rp5dMKN8zEs9dfi9g0X1ClLmV//WRyk/R15mppFNICIFRG5P92VP7Z04p8pk++gABo9W2tY+kHyu6P1mEHgmTA=="
    },
    "esshorten": {
      "version": "0.0.2",
      "resolved": "https://registry.npmmirror.com/esshorten/-/esshorten-0.0.2.tgz",
      "integrity": "sha512-KK0Uphu0GwBsr7Hexm3BuMTCb9QzEObo/jQQTbp2RIyyBYrlfYXltwUN8vdjFncNk6norcaIshEb6WOQakQHMw==",
      "requires": {
        "escope": "~ 1.0.0",
        "estraverse": "~ 1.2.0"
      },
      "dependencies": {
        "estraverse": {
          "version": "1.2.0",
          "resolved": "https://registry.npmmirror.com/estraverse/-/estraverse-1.2.0.tgz",
          "integrity": "sha512-lEJ9vAqH3j3HyHs3M5Or9CJ+aZDxM/jWCGLGCcWdmbzIGveL7RcyWfP63TLUSS3mo9VTZZ2T8kg5+f0heXjHdA=="
        }
      }
    },
    "estraverse": {
      "version": "1.3.2",
      "resolved": "https://registry.npmmirror.com/estraverse/-/estraverse-1.3.2.tgz",
      "integrity": "sha512-OkbCPVUu8D9tbsLcUR+CKFRBbhZlogmkbWaP3BPERlkqzWL5Q6IdTz6eUk+b5cid2MTaCqJb2nNRGoJ8TpfPrg=="
    },
    "js-tokens": {
      "version": "4.0.0",
      "resolved": "https://registry.npmmirror.com/js-tokens/-/js-tokens-4.0.0.tgz",
      "integrity": "sha512-RdJUflcE3cUzKiMqQgsCu06FPu9UdIJO0beYbPhHN4k6apgJtifcoCtT9bcxOpYBtpD2kCM6Sbzg4CausW/PKQ=="
    },
    "jsx": {
      "version": "0.9.89",
      "resolved": "https://registry.npmmirror.com/jsx/-/jsx-0.9.89.tgz",
      "integrity": "sha512-wBpY1pRySdz+iq10pYIqv2SbmJUFhJIEUdBRt4Wdgyj9MC+xvYPnnJb2gNSTAwEDJ8lgyc7V6cSccfQX/tHBUA==",
      "requires": {
        "escodegen": "~ 0.0.20",
        "esmangle": "~ 0.0.14",
        "esprima": "~ 1.0.2",
        "source-map": "~ 0.1.22",
        "source-map-support": "~ 0.2.1"
      }
    },
    "loose-envify": {
      "version": "1.4.0",
      "resolved": "https://registry.npmmirror.com/loose-envify/-/loose-envify-1.4.0.tgz",
      "integrity": "sha512-lyuxPGr/Wfhrlem2CL/UcnUc1zcqKAImBDzukY7Y5F/yQiNdko6+fRLevlw1HgMySw7f611UIY408EtxRSoK3Q==",
      "requires": {
        "js-tokens": "^3.0.0 || ^4.0.0"
      }
    },
    "minimist": {
      "version": "0.0.10",
      "resolved": "https://registry.npmmirror.com/minimist/-/minimist-0.0.10.tgz",
      "integrity": "sha512-iotkTvxc+TwOm5Ieim8VnSNvCDjCK9S8G3scJ50ZthspSxa7jx50jkhYduuAtAjvfDUwSgOwf8+If99AlOEhyw=="
    },
    "optimist": {
      "version": "0.6.1",
      "resolved": "https://registry.npmmirror.com/optimist/-/optimist-0.6.1.tgz",
      "integrity": "sha512-snN4O4TkigujZphWLN0E//nQmm7790RYaE53DdL7ZYwee2D8DDo9/EyYiKUfN3rneWUjhJnueija3G9I2i0h3g==",
      "requires": {
        "minimist": "~0.0.1",
        "wordwrap": "~0.0.2"
      }
    },
    "react": {
      "version": "18.2.0",
      "resolved": "https://registry.npmmirror.com/react/-/react-18.2.0.tgz",
      "integrity": "sha512-/3IjMdb2L9QbBdWiW5e3P2/npwMBaU9mHCSCUzNln0ZCYbcfTsGbTJrU/kGemdH2IWmB2ioZ+zkxtmq6g09fGQ==",
      "requires": {
        "loose-envify": "^1.1.0"
      }
    },
    "react-dom": {
      "version": "18.2.0",
      "resolved": "https://registry.npmmirror.com/react-dom/-/react-dom-18.2.0.tgz",
      "integrity": "sha512-6IMTriUmvsjHUjNtEDudZfuDQUoWXVxKHhlEGSk81n4YFS+r/Kl99wXiwlVXtPBtJenozv2P+hxDsw9eA7Xo6g==",
      "requires": {
        "loose-envify": "^1.1.0",
        "scheduler": "^0.23.0"
      }
    },
    "scheduler": {
      "version": "0.23.0",
      "resolved": "https://registry.npmmirror.com/scheduler/-/scheduler-0.23.0.tgz",
      "integrity": "sha512-CtuThmgHNg7zIZWAXi3AsyIzA3n4xx7aNyjwC2VJldO2LMVDhFK+63xGqq6CsJH4rTAt6/M+N4GhZiDYPx9eUw==",
      "requires": {
        "loose-envify": "^1.1.0"
      }
    },
    "source-map": {
      "version": "0.1.43",
      "resolved": "https://registry.npmmirror.com/source-map/-/source-map-0.1.43.tgz",
      "integrity": "sha512-VtCvB9SIQhk3aF6h+N85EaqIaBFIAfZ9Cu+NJHHVvc8BbEcnvDcFw6sqQ2dQrT6SlOrZq3tIvyD9+EGq/lJryQ==",
      "requires": {
        "amdefine": ">=0.0.4"
      }
    },
    "source-map-support": {
      "version": "0.2.10",
      "resolved": "https://registry.npmmirror.com/source-map-support/-/source-map-support-0.2.10.tgz",
      "integrity": "sha512-gGKOSat73z0V8wBKo9AGxZZyekczBireh1hHktbt+kb9acsCB5OfVCF2DCWlztcQ3r5oNN7f2BL0B2xOcoJ/DQ==",
      "requires": {
        "source-map": "0.1.32"
      },
      "dependencies": {
        "source-map": {
          "version": "0.1.32",
          "resolved": "https://registry.npmmirror.com/source-map/-/source-map-0.1.32.tgz",
          "integrity": "sha512-htQyLrrRLkQ87Zfrir4/yN+vAUd6DNjVayEjTSHXu29AYQJw57I4/xEL/M6p6E/woPNJwvZt6rVlzc7gFEJccQ==",
          "requires": {
            "amdefine": ">=0.0.4"
          }
        }
      }
    },
    "wordwrap": {
      "version": "0.0.3",
      "resolved": "https://registry.npmmirror.com/wordwrap/-/wordwrap-0.0.3.tgz",
      "integrity": "sha512-1tMA907+V4QmxV7dbRvb4/8MaRALK6q9Abid3ndMYnbyo8piisCmeONVqVSXqQA3KaP4SLt5b7ud6E2sqP8TFw=="
    }
  }
}
